// !$*UTF8*$!
{
	archiveVersion = 1;
	classes = {
	};
	objectVersion = 48;
	objects = {

/* Begin PBXBuildFile section */
		240E3D672035187A0066CE03 /* AppDelegate.swift in Sources */ = {isa = PBXBuildFile; fileRef = 240E3D662035187A0066CE03 /* AppDelegate.swift */; };
		240E3D692035187A0066CE03 /* ViewController.swift in Sources */ = {isa = PBXBuildFile; fileRef = 240E3D682035187A0066CE03 /* ViewController.swift */; };
		240E3D6C2035187A0066CE03 /* Main.storyboard in Resources */ = {isa = PBXBuildFile; fileRef = 240E3D6A2035187A0066CE03 /* Main.storyboard */; };
		240E3D6E2035187A0066CE03 /* Assets.xcassets in Resources */ = {isa = PBXBuildFile; fileRef = 240E3D6D2035187A0066CE03 /* Assets.xcassets */; };
		240E3D712035187A0066CE03 /* LaunchScreen.storyboard in Resources */ = {isa = PBXBuildFile; fileRef = 240E3D6F2035187A0066CE03 /* LaunchScreen.storyboard */; };
		240E3D7C2035187A0066CE03 /* iQuizTests.swift in Sources */ = {isa = PBXBuildFile; fileRef = 240E3D7B2035187A0066CE03 /* iQuizTests.swift */; };
		240E3D872035187A0066CE03 /* iQuizUITests.swift in Sources */ = {isa = PBXBuildFile; fileRef = 240E3D862035187A0066CE03 /* iQuizUITests.swift */; };
		240E3D9520351F690066CE03 /* AppData.swift in Sources */ = {isa = PBXBuildFile; fileRef = 240E3D9420351F690066CE03 /* AppData.swift */; };
		240E3D9B2039DB880066CE03 /* math.png in Resources */ = {isa = PBXBuildFile; fileRef = 240E3D9A2039DB880066CE03 /* math.png */; };
		240E3D9D2039DC4B0066CE03 /* super.png in Resources */ = {isa = PBXBuildFile; fileRef = 240E3D9C2039DC4B0066CE03 /* super.png */; };
		240E3D9F2039DC8B0066CE03 /* science.png in Resources */ = {isa = PBXBuildFile; fileRef = 240E3D9E2039DC8B0066CE03 /* science.png */; };
		24C5965F203A654D000A4D74 /* QuestionController.swift in Sources */ = {isa = PBXBuildFile; fileRef = 24C5965E203A654D000A4D74 /* QuestionController.swift */; };
		24C59661203AC14D000A4D74 /* AnsController.swift in Sources */ = {isa = PBXBuildFile; fileRef = 24C59660203AC14D000A4D74 /* AnsController.swift */; };
/* End PBXBuildFile section */

/* Begin PBXContainerItemProxy section */
		240E3D782035187A0066CE03 /* PBXContainerItemProxy */ = {
			isa = PBXContainerItemProxy;
			containerPortal = 240E3D5B2035187A0066CE03 /* Project object */;
			proxyType = 1;
			remoteGlobalIDString = 240E3D622035187A0066CE03;
			remoteInfo = iQuiz;
		};
		240E3D832035187A0066CE03 /* PBXContainerItemProxy */ = {
			isa = PBXContainerItemProxy;
			containerPortal = 240E3D5B2035187A0066CE03 /* Project object */;
			proxyType = 1;
			remoteGlobalIDString = 240E3D622035187A0066CE03;
			remoteInfo = iQuiz;
		};
/* End PBXContainerItemProxy section */

/* Begin PBXFileReference section */
		240E3D632035187A0066CE03 /* iQuiz.app */ = {isa = PBXFileReference; explicitFileType = wrapper.application; includeInIndex = 0; path = iQuiz.app; sourceTree = BUILT_PRODUCTS_DIR; };
		240E3D662035187A0066CE03 /* AppDelegate.swift */ = {isa = PBXFileReference; lastKnownFileType = sourcecode.swift; path = AppDelegate.swift; sourceTree = "<group>"; };
		240E3D682035187A0066CE03 /* ViewController.swift */ = {isa = PBXFileReference; lastKnownFileType = sourcecode.swift; path = ViewController.swift; sourceTree = "<group>"; };
		240E3D6B2035187A0066CE03 /* Base */ = {isa = PBXFileReference; lastKnownFileType = file.storyboard; name = Base; path = Base.lproj/Main.storyboard; sourceTree = "<group>"; };
		240E3D6D2035187A0066CE03 /* Assets.xcassets */ = {isa = PBXFileReference; lastKnownFileType = folder.assetcatalog; path = Assets.xcassets; sourceTree = "<group>"; };
		240E3D702035187A0066CE03 /* Base */ = {isa = PBXFileReference; lastKnownFileType = file.storyboard; name = Base; path = Base.lproj/LaunchScreen.storyboard; sourceTree = "<group>"; };
		240E3D722035187A0066CE03 /* Info.plist */ = {isa = PBXFileReference; lastKnownFileType = text.plist.xml; path = Info.plist; sourceTree = "<group>"; };
		240E3D772035187A0066CE03 /* iQuizTests.xctest */ = {isa = PBXFileReference; explicitFileType = wrapper.cfbundle; includeInIndex = 0; path = iQuizTests.xctest; sourceTree = BUILT_PRODUCTS_DIR; };
		240E3D7B2035187A0066CE03 /* iQuizTests.swift */ = {isa = PBXFileReference; lastKnownFileType = sourcecode.swift; path = iQuizTests.swift; sourceTree = "<group>"; };
		240E3D7D2035187A0066CE03 /* Info.plist */ = {isa = PBXFileReference; lastKnownFileType = text.plist.xml; path = Info.plist; sourceTree = "<group>"; };
		240E3D822035187A0066CE03 /* iQuizUITests.xctest */ = {isa = PBXFileReference; explicitFileType = wrapper.cfbundle; includeInIndex = 0; path = iQuizUITests.xctest; sourceTree = BUILT_PRODUCTS_DIR; };
		240E3D862035187A0066CE03 /* iQuizUITests.swift */ = {isa = PBXFileReference; lastKnownFileType = sourcecode.swift; path = iQuizUITests.swift; sourceTree = "<group>"; };
		240E3D882035187A0066CE03 /* Info.plist */ = {isa = PBXFileReference; lastKnownFileType = text.plist.xml; path = Info.plist; sourceTree = "<group>"; };
		240E3D9420351F690066CE03 /* AppData.swift */ = {isa = PBXFileReference; lastKnownFileType = sourcecode.swift; path = AppData.swift; sourceTree = "<group>"; };
		240E3D9A2039DB880066CE03 /* math.png */ = {isa = PBXFileReference; lastKnownFileType = image.png; path = math.png; sourceTree = "<group>"; };
		240E3D9C2039DC4B0066CE03 /* super.png */ = {isa = PBXFileReference; lastKnownFileType = image.png; path = super.png; sourceTree = "<group>"; };
		240E3D9E2039DC8B0066CE03 /* science.png */ = {isa = PBXFileReference; lastKnownFileType = image.png; path = science.png; sourceTree = "<group>"; };
		24C5965E203A654D000A4D74 /* QuestionController.swift */ = {isa = PBXFileReference; lastKnownFileType = sourcecode.swift; path = QuestionController.swift; sourceTree = "<group>"; };
		24C59660203AC14D000A4D74 /* AnsController.swift */ = {isa = PBXFileReference; lastKnownFileType = sourcecode.swift; path = AnsController.swift; sourceTree = "<group>"; };
/* End PBXFileReference section */

/* Begin PBXFrameworksBuildPhase section */
		240E3D602035187A0066CE03 /* Frameworks */ = {
			isa = PBXFrameworksBuildPhase;
			buildActionMask = 2147483647;
			files = (
			);
			runOnlyForDeploymentPostprocessing = 0;
		};
		240E3D742035187A0066CE03 /* Frameworks */ = {
			isa = PBXFrameworksBuildPhase;
			buildActionMask = 2147483647;
			files = (
			);
			runOnlyForDeploymentPostprocessing = 0;
		};
		240E3D7F2035187A0066CE03 /* Frameworks */ = {
			isa = PBXFrameworksBuildPhase;
			buildActionMask = 2147483647;
			files = (
			);
			runOnlyForDeploymentPostprocessing = 0;
		};
/* End PBXFrameworksBuildPhase section */

/* Begin PBXGroup section */
		240E3D5A2035187A0066CE03 = {
			isa = PBXGroup;
			children = (
				240E3D652035187A0066CE03 /* iQuiz */,
				240E3D7A2035187A0066CE03 /* iQuizTests */,
				240E3D852035187A0066CE03 /* iQuizUITests */,
				240E3D642035187A0066CE03 /* Products */,
			);
			sourceTree = "<group>";
		};
		240E3D642035187A0066CE03 /* Products */ = {
			isa = PBXGroup;
			children = (
				240E3D632035187A0066CE03 /* iQuiz.app */,
				240E3D772035187A0066CE03 /* iQuizTests.xctest */,
				240E3D822035187A0066CE03 /* iQuizUITests.xctest */,
			);
			name = Products;
			sourceTree = "<group>";
		};
		240E3D652035187A0066CE03 /* iQuiz */ = {
			isa = PBXGroup;
			children = (
				240E3D9A2039DB880066CE03 /* math.png */,
				240E3D9C2039DC4B0066CE03 /* super.png */,
				240E3D9E2039DC8B0066CE03 /* science.png */,
				240E3D662035187A0066CE03 /* AppDelegate.swift */,
				240E3D9420351F690066CE03 /* AppData.swift */,
				240E3D682035187A0066CE03 /* ViewController.swift */,
				240E3D6A2035187A0066CE03 /* Main.storyboard */,
				24C59660203AC14D000A4D74 /* AnsController.swift */,
				24C5965E203A654D000A4D74 /* QuestionController.swift */,
				240E3D6D2035187A0066CE03 /* Assets.xcassets */,
				240E3D6F2035187A0066CE03 /* LaunchScreen.storyboard */,
				240E3D722035187A0066CE03 /* Info.plist */,
			);
			path = iQuiz;
			sourceTree = "<group>";
		};
		240E3D7A2035187A0066CE03 /* iQuizTests */ = {
			isa = PBXGroup;
			children = (
				240E3D7B2035187A0066CE03 /* iQuizTests.swift */,
				240E3D7D2035187A0066CE03 /* Info.plist */,
			);
			path = iQuizTests;
			sourceTree = "<group>";
		};
		240E3D852035187A0066CE03 /* iQuizUITests */ = {
			isa = PBXGroup;
			children = (
				240E3D862035187A0066CE03 /* iQuizUITests.swift */,
				240E3D882035187A0066CE03 /* Info.plist */,
			);
			path = iQuizUITests;
			sourceTree = "<group>";
		};
/* End PBXGroup section */

/* Begin PBXNativeTarget section */
		240E3D622035187A0066CE03 /* iQuiz */ = {
			isa = PBXNativeTarget;
			buildConfigurationList = 240E3D8B2035187A0066CE03 /* Build configuration list for PBXNativeTarget "iQuiz" */;
			buildPhases = (
				240E3D5F2035187A0066CE03 /* Sources */,
				240E3D602035187A0066CE03 /* Frameworks */,
				240E3D612035187A0066CE03 /* Resources */,
			);
			buildRules = (
			);
			dependencies = (
			);
			name = iQuiz;
			productName = iQuiz;
			productReference = 240E3D632035187A0066CE03 /* iQuiz.app */;
			productType = "com.apple.product-type.application";
		};
		240E3D762035187A0066CE03 /* iQuizTests */ = {
			isa = PBXNativeTarget;
			buildConfigurationList = 240E3D8E2035187A0066CE03 /* Build configuration list for PBXNativeTarget "iQuizTests" */;
			buildPhases = (
				240E3D732035187A0066CE03 /* Sources */,
				240E3D742035187A0066CE03 /* Frameworks */,
				240E3D752035187A0066CE03 /* Resources */,
			);
			buildRules = (
			);
			dependencies = (
				240E3D792035187A0066CE03 /* PBXTargetDependency */,
			);
			name = iQuizTests;
			productName = iQuizTests;
			productReference = 240E3D772035187A0066CE03 /* iQuizTests.xctest */;
			productType = "com.apple.product-type.bundle.unit-test";
		};
		240E3D812035187A0066CE03 /* iQuizUITests */ = {
			isa = PBXNativeTarget;
			buildConfigurationList = 240E3D912035187A0066CE03 /* Build configuration list for PBXNativeTarget "iQuizUITests" */;
			buildPhases = (
				240E3D7E2035187A0066CE03 /* Sources */,
				240E3D7F2035187A0066CE03 /* Frameworks */,
				240E3D802035187A0066CE03 /* Resources */,
			);
			buildRules = (
			);
			dependencies = (
				240E3D842035187A0066CE03 /* PBXTargetDependency */,
			);
			name = iQuizUITests;
			productName = iQuizUITests;
			productReference = 240E3D822035187A0066CE03 /* iQuizUITests.xctest */;
			productType = "com.apple.product-type.bundle.ui-testing";
		};
/* End PBXNativeTarget section */

/* Begin PBXProject section */
		240E3D5B2035187A0066CE03 /* Project object */ = {
			isa = PBXProject;
			attributes = {
				LastSwiftUpdateCheck = 0920;
				LastUpgradeCheck = 0920;
				ORGANIZATIONNAME = "Anton Zheng";
				TargetAttributes = {
					240E3D622035187A0066CE03 = {
						CreatedOnToolsVersion = 9.2;
						ProvisioningStyle = Automatic;
					};
					240E3D762035187A0066CE03 = {
						CreatedOnToolsVersion = 9.2;
						ProvisioningStyle = Automatic;
						TestTargetID = 240E3D622035187A0066CE03;
					};
					240E3D812035187A0066CE03 = {
						CreatedOnToolsVersion = 9.2;
						ProvisioningStyle = Automatic;
						TestTargetID = 240E3D622035187A0066CE03;
					};
				};
			};
			buildConfigurationList = 240E3D5E2035187A0066CE03 /* Build configuration list for PBXProject "iQuiz" */;
			compatibilityVersion = "Xcode 8.0";
			developmentRegion = en;
			hasScannedForEncodings = 0;
			knownRegions = (
				en,
				Base,
			);
			mainGroup = 240E3D5A2035187A0066CE03;
			productRefGroup = 240E3D642035187A0066CE03 /* Products */;
			projectDirPath = "";
			projectRoot = "";
			targets = (
				240E3D622035187A0066CE03 /* iQuiz */,
				240E3D762035187A0066CE03 /* iQuizTests */,
				240E3D812035187A0066CE03 /* iQuizUITests */,
			);
		};
/* End PBXProject section */

/* Begin PBXResourcesBuildPhase section */
		240E3D612035187A0066CE03 /* Resources */ = {
			isa = PBXResourcesBuildPhase;
			buildActionMask = 2147483647;
			files = (
				240E3D712035187A0066CE03 /* LaunchScreen.storyboard in Resources */,
				240E3D9D2039DC4B0066CE03 /* super.png in Resources */,
				240E3D9B2039DB880066CE03 /* math.png in Resources */,
				240E3D6E2035187A0066CE03 /* Assets.xcassets in Resources */,
				240E3D9F2039DC8B0066CE03 /* science.png in Resources */,
				240E3D6C2035187A0066CE03 /* Main.storyboard in Resources */,
			);
			runOnlyForDeploymentPostprocessing = 0;
		};
		240E3D752035187A0066CE03 /* Resources */ = {
			isa = PBXResourcesBuildPhase;
			buildActionMask = 2147483647;
			files = (
			);
			runOnlyForDeploymentPostprocessing = 0;
		};
		240E3D802035187A0066CE03 /* Resources */ = {
			isa = PBXResourcesBuildPhase;
			buildActionMask = 2147483647;
			files = (
			);
			runOnlyForDeploymentPostprocessing = 0;
		};
/* End PBXResourcesBuildPhase section */

/* Begin PBXSourcesBuildPhase section */
		240E3D5F2035187A0066CE03 /* Sources */ = {
			isa = PBXSourcesBuildPhase;
			buildActionMask = 2147483647;
			files = (
				240E3D692035187A0066CE03 /* ViewController.swift in Sources */,
				24C59661203AC14D000A4D74 /* AnsController.swift in Sources */,
				240E3D672035187A0066CE03 /* AppDelegate.swift in Sources */,
				240E3D9520351F690066CE03 /* AppData.swift in Sources */,
				24C5965F203A654D000A4D74 /* QuestionController.swift in Sources */,
			);
			runOnlyForDeploymentPostprocessing = 0;
		};
		240E3D732035187A0066CE03 /* Sources */ = {
			isa = PBXSourcesBuildPhase;
			buildActionMask = 2147483647;
			files = (
				240E3D7C2035187A0066CE03 /* iQuizTests.swift in Sources */,
			);
			runOnlyForDeploymentPostprocessing = 0;
		};
		240E3D7E2035187A0066CE03 /* Sources */ = {
			isa = PBXSourcesBuildPhase;
			buildActionMask = 2147483647;
			files = (
				240E3D872035187A0066CE03 /* iQuizUITests.swift in Sources */,
			);
			runOnlyForDeploymentPostprocessing = 0;
		};
/* End PBXSourcesBuildPhase section */

/* Begin PBXTargetDependency section */
		240E3D792035187A0066CE03 /* PBXTargetDependency */ = {
			isa = PBXTargetDependency;
			target = 240E3D622035187A0066CE03 /* iQuiz */;
			targetProxy = 240E3D782035187A0066CE03 /* PBXContainerItemProxy */;
		};
		240E3D842035187A0066CE03 /* PBXTargetDependency */ = {
			isa = PBXTargetDependency;
			target = 240E3D622035187A0066CE03 /* iQuiz */;
			targetProxy = 240E3D832035187A0066CE03 /* PBXContainerItemProxy */;
		};
/* End PBXTargetDependency section */

/* Begin PBXVariantGroup section */
		240E3D6A2035187A0066CE03 /* Main.storyboard */ = {
			isa = PBXVariantGroup;
			children = (
				240E3D6B2035187A0066CE03 /* Base */,
			);
			name = Main.storyboard;
			sourceTree = "<group>";
		};
		240E3D6F2035187A0066CE03 /* LaunchScreen.storyboard */ = {
			isa = PBXVariantGroup;
			children = (
				240E3D702035187A0066CE03 /* Base */,
			);
			name = LaunchScreen.storyboard;
			sourceTree = "<group>";
		};
/* End PBXVariantGroup section */

/* Begin XCBuildConfiguration section */
		240E3D892035187A0066CE03 /* Debug */ = {
			isa = XCBuildConfiguration;
			buildSettings = {
				ALWAYS_SEARCH_USER_PATHS = NO;
				CLANG_ANALYZER_NONNULL = YES;
				CLANG_ANALYZER_NUMBER_OBJECT_CONVERSION = YES_AGGRESSIVE;
				CLANG_CXX_LANGUAGE_STANDARD = "gnu++14";
				CLANG_CXX_LIBRARY = "libc++";
				CLANG_ENABLE_MODULES = YES;
				CLANG_ENABLE_OBJC_ARC = YES;
				CLANG_WARN_BLOCK_CAPTURE_AUTORELEASING = YES;
				CLANG_WARN_BOOL_CONVERSION = YES;
				CLANG_WARN_COMMA = YES;
				CLANG_WARN_CONSTANT_CONVERSION = YES;
				CLANG_WARN_DIRECT_OBJC_ISA_USAGE = YES_ERROR;
				CLANG_WARN_DOCUMENTATION_COMMENTS = YES;
				CLANG_WARN_EMPTY_BODY = YES;
				CLANG_WARN_ENUM_CONVERSION = YES;
				CLANG_WARN_INFINITE_RECURSION = YES;
				CLANG_WARN_INT_CONVERSION = YES;
				CLANG_WARN_NON_LITERAL_NULL_CONVERSION = YES;
				CLANG_WARN_OBJC_LITERAL_CONVERSION = YES;
				CLANG_WARN_OBJC_ROOT_CLASS = YES_ERROR;
				CLANG_WARN_RANGE_LOOP_ANALYSIS = YES;
				CLANG_WARN_STRICT_PROTOTYPES = YES;
				CLANG_WARN_SUSPICIOUS_MOVE = YES;
				CLANG_WARN_UNGUARDED_AVAILABILITY = YES_AGGRESSIVE;
				CLANG_WARN_UNREACHABLE_CODE = YES;
				CLANG_WARN__DUPLICATE_METHOD_MATCH = YES;
				CODE_SIGN_IDENTITY = "iPhone Developer";
				COPY_PHASE_STRIP = NO;
				DEBUG_INFORMATION_FORMAT = dwarf;
				ENABLE_STRICT_OBJC_MSGSEND = YES;
				ENABLE_TESTABILITY = YES;
				GCC_C_LANGUAGE_STANDARD = gnu11;
				GCC_DYNAMIC_NO_PIC = NO;
				GCC_NO_COMMON_BLOCKS = YES;
				GCC_OPTIMIZATION_LEVEL = 0;
				GCC_PREPROCESSOR_DEFINITIONS = (
					"DEBUG=1",
					"$(inherited)",
				);
				GCC_WARN_64_TO_32_BIT_CONVERSION = YES;
				GCC_WARN_ABOUT_RETURN_TYPE = YES_ERROR;
				GCC_WARN_UNDECLARED_SELECTOR = YES;
				GCC_WARN_UNINITIALIZED_AUTOS = YES_AGGRESSIVE;
				GCC_WARN_UNUSED_FUNCTION = YES;
				GCC_WARN_UNUSED_VARIABLE = YES;
				IPHONEOS_DEPLOYMENT_TARGET = 11.2;
				MTL_ENABLE_DEBUG_INFO = YES;
				ONLY_ACTIVE_ARCH = YES;
				SDKROOT = iphoneos;
				SWIFT_ACTIVE_COMPILATION_CONDITIONS = DEBUG;
				SWIFT_OPTIMIZATION_LEVEL = "-Onone";
			};
			name = Debug;
		};
		240E3D8A2035187A0066CE03 /* Release */ = {
			isa = XCBuildConfiguration;
			buildSettings = {
				ALWAYS_SEARCH_USER_PATHS = NO;
				CLANG_ANALYZER_NONNULL = YES;
				CLANG_ANALYZER_NUMBER_OBJECT_CONVERSION = YES_AGGRESSIVE;
				CLANG_CXX_LANGUAGE_STANDARD = "gnu++14";
				CLANG_CXX_LIBRARY = "libc++";
				CLANG_ENABLE_MODULES = YES;
				CLANG_ENABLE_OBJC_ARC = YES;
				CLANG_WARN_BLOCK_CAPTURE_AUTORELEASING = YES;
				CLANG_WARN_BOOL_CONVERSION = YES;
				CLANG_WARN_COMMA = YES;
				CLANG_WARN_CONSTANT_CONVERSION = YES;
				CLANG_WARN_DIRECT_OBJC_ISA_USAGE = YES_ERROR;
				CLANG_WARN_DOCUMENTATION_COMMENTS = YES;
				CLANG_WARN_EMPTY_BODY = YES;
				CLANG_WARN_ENUM_CONVERSION = YES;
				CLANG_WARN_INFINITE_RECURSION = YES;
				CLANG_WARN_INT_CONVERSION = YES;
				CLANG_WARN_NON_LITERAL_NULL_CONVERSION = YES;
				CLANG_WARN_OBJC_LITERAL_CONVERSION = YES;
				CLANG_WARN_OBJC_ROOT_CLASS = YES_ERROR;
				CLANG_WARN_RANGE_LOOP_ANALYSIS = YES;
				CLANG_WARN_STRICT_PROTOTYPES = YES;
				CLANG_WARN_SUSPICIOUS_MOVE = YES;
				CLANG_WARN_UNGUARDED_AVAILABILITY = YES_AGGRESSIVE;
				CLANG_WARN_UNREACHABLE_CODE = YES;
				CLANG_WARN__DUPLICATE_METHOD_MATCH = YES;
				CODE_SIGN_IDENTITY = "iPhone Developer";
				COPY_PHASE_STRIP = NO;
				DEBUG_INFORMATION_FORMAT = "dwarf-with-dsym";
				ENABLE_NS_ASSERTIONS = NO;
				ENABLE_STRICT_OBJC_MSGSEND = YES;
				GCC_C_LANGUAGE_STANDARD = gnu11;
				GCC_NO_COMMON_BLOCKS = YES;
				GCC_WARN_64_TO_32_BIT_CONVERSION = YES;
				GCC_WARN_ABOUT_RETURN_TYPE = YES_ERROR;
				GCC_WARN_UNDECLARED_SELECTOR = YES;
				GCC_WARN_UNINITIALIZED_AUTOS = YES_AGGRESSIVE;
				GCC_WARN_UNUSED_FUNCTION = YES;
				GCC_WARN_UNUSED_VARIABLE = YES;
				IPHONEOS_DEPLOYMENT_TARGET = 11.2;
				MTL_ENABLE_DEBUG_INFO = NO;
				SDKROOT = iphoneos;
				SWIFT_OPTIMIZATION_LEVEL = "-Owholemodule";
				VALIDATE_PRODUCT = YES;
			};
			name = Release;
		};
		240E3D8C2035187A0066CE03 /* Debug */ = {
			isa = XCBuildConfiguration;
			buildSettings = {
				ASSETCATALOG_COMPILER_APPICON_NAME = AppIcon;
				CODE_SIGN_STYLE = Automatic;
				DEVELOPMENT_TEAM = 8HNHUUK7L2;
				INFOPLIST_FILE = iQuiz/Info.plist;
				LD_RUNPATH_SEARCH_PATHS = "$(inherited) @executable_path/Frameworks";
				PRODUCT_BUNDLE_IDENTIFIER = edu.uw.ischool.anton96.iQuiz;
				PRODUCT_NAME = "$(TARGET_NAME)";
				SWIFT_VERSION = 4.0;
				TARGETED_DEVICE_FAMILY = "1,2";
			};
			name = Debug;
		};
		240E3D8D2035187A0066CE03 /* Release */ = {
			isa = XCBuildConfiguration;
			buildSettings = {
				ASSETCATALOG_COMPILER_APPICON_NAME = AppIcon;
				CODE_SIGN_STYLE = Automatic;
				DEVELOPMENT_TEAM = 8HNHUUK7L2;
				INFOPLIST_FILE = iQuiz/Info.plist;
				LD_RUNPATH_SEARCH_PATHS = "$(inherited) @executable_path/Frameworks";
				PRODUCT_BUNDLE_IDENTIFIER = edu.uw.ischool.anton96.iQuiz;
				PRODUCT_NAME = "$(TARGET_NAME)";
				SWIFT_VERSION = 4.0;
				TARGETED_DEVICE_FAMILY = "1,2";
			};
			name = Release;
		};
		240E3D8F2035187A0066CE03 /* Debug */ = {
			isa = XCBuildConfiguration;
			buildSettings = {
				ALWAYS_EMBED_SWIFT_STANDARD_LIBRARIES = YES;
				BUNDLE_LOADER = "$(TEST_HOST)";
				CODE_SIGN_STYLE = Automatic;
				DEVELOPMENT_TEAM = 8HNHUUK7L2;
				INFOPLIST_FILE = iQuizTests/Info.plist;
				LD_RUNPATH_SEARCH_PATHS = "$(inherited) @executable_path/Frameworks @loader_path/Frameworks";
				PRODUCT_BUNDLE_IDENTIFIER = edu.uw.ischool.anton96.iQuizTests;
				PRODUCT_NAME = "$(TARGET_NAME)";
				SWIFT_VERSION = 4.0;
				TARGETED_DEVICE_FAMILY = "1,2";
				TEST_HOST = "$(BUILT_PRODUCTS_DIR)/iQuiz.app/iQuiz";
			};
			name = Debug;
		};
		240E3D902035187A0066CE03 /* Release */ = {
			isa = XCBuildConfiguration;
			buildSettings = {
				ALWAYS_EMBED_SWIFT_STANDARD_LIBRARIES = YES;
				BUNDLE_LOADER = "$(TEST_HOST)";
				CODE_SIGN_STYLE = Automatic;
				DEVELOPMENT_TEAM = 8HNHUUK7L2;
				INFOPLIST_FILE = iQuizTests/Info.plist;
				LD_RUNPATH_SEARCH_PATHS = "$(inherited) @executable_path/Frameworks @loader_path/Frameworks";
				PRODUCT_BUNDLE_IDENTIFIER = edu.uw.ischool.anton96.iQuizTests;
				PRODUCT_NAME = "$(TARGET_NAME)";
				SWIFT_VERSION = 4.0;
				TARGETED_DEVICE_FAMILY = "1,2";
				TEST_HOST = "$(BUILT_PRODUCTS_DIR)/iQuiz.app/iQuiz";
			};
			name = Release;
		};
		240E3D922035187A0066CE03 /* Debug */ = {
			isa = XCBuildConfiguration;
			buildSettings = {
				ALWAYS_EMBED_SWIFT_STANDARD_LIBRARIES = YES;
				CODE_SIGN_STYLE = Automatic;
				DEVELOPMENT_TEAM = 8HNHUUK7L2;
				INFOPLIST_FILE = iQuizUITests/Info.plist;
				LD_RUNPATH_SEARCH_PATHS = "$(inherited) @executable_path/Frameworks @loader_path/Frameworks";
				PRODUCT_BUNDLE_IDENTIFIER = edu.uw.ischool.anton96.iQuizUITests;
				PRODUCT_NAME = "$(TARGET_NAME)";
				SWIFT_VERSION = 4.0;
				TARGETED_DEVICE_FAMILY = "1,2";
				TEST_TARGET_NAME = iQuiz;
			};
			name = Debug;
		};
		240E3D932035187A0066CE03 /* Release */ = {
			isa = XCBuildConfiguration;
			buildSettings = {
				ALWAYS_EMBED_SWIFT_STANDARD_LIBRARIES = YES;
				CODE_SIGN_STYLE = Automatic;
				DEVELOPMENT_TEAM = 8HNHUUK7L2;
				INFOPLIST_FILE = iQuizUITests/Info.plist;
				LD_RUNPATH_SEARCH_PATHS = "$(inherited) @executable_path/Frameworks @loader_path/Frameworks";
				PRODUCT_BUNDLE_IDENTIFIER = edu.uw.ischool.anton96.iQuizUITests;
				PRODUCT_NAME = "$(TARGET_NAME)";
				SWIFT_VERSION = 4.0;
				TARGETED_DEVICE_FAMILY = "1,2";
				TEST_TARGET_NAME = iQuiz;
			};
			name = Release;
		};
/* End XCBuildConfiguration section */

/* Begin XCConfigurationList section */
		240E3D5E2035187A0066CE03 /* Build configuration list for PBXProject "iQuiz" */ = {
			isa = XCConfigurationList;
			buildConfigurations = (
				240E3D892035187A0066CE03 /* Debug */,
				240E3D8A2035187A0066CE03 /* Release */,
			);
			defaultConfigurationIsVisible = 0;
			defaultConfigurationName = Release;
		};
		240E3D8B2035187A0066CE03 /* Build configuration list for PBXNativeTarget "iQuiz" */ = {
			isa = XCConfigurationList;
			buildConfigurations = (
				240E3D8C2035187A0066CE03 /* Debug */,
				240E3D8D2035187A0066CE03 /* Release */,
			);
			defaultConfigurationIsVisible = 0;
			defaultConfigurationName = Release;
		};
		240E3D8E2035187A0066CE03 /* Build configuration list for PBXNativeTarget "iQuizTests" */ = {
			isa = XCConfigurationList;
			buildConfigurations = (
				240E3D8F2035187A0066CE03 /* Debug */,
				240E3D902035187A0066CE03 /* Release */,
			);
			defaultConfigurationIsVisible = 0;
			defaultConfigurationName = Release;
		};
		240E3D912035187A0066CE03 /* Build configuration list for PBXNativeTarget "iQuizUITests" */ = {
			isa = XCConfigurationList;
			buildConfigurations = (
				240E3D922035187A0066CE03 /* Debug */,
				240E3D932035187A0066CE03 /* Release */,
			);
			defaultConfigurationIsVisible = 0;
			defaultConfigurationName = Release;
		};
/* End XCConfigurationList section */
	};
	rootObject = 240E3D5B2035187A0066CE03 /* Project object */;
}
